Microsoft Visual Studio Solution File, Format Version 12.00
# Visual Studio Version 17
VisualStudioVersion = 17.5.2.0
MinimumVisualStudioVersion = 10.0.40219.1
Project("{FAE04EC0-301F-11D3-BF4B-00C04F79EFBC}") = "PolymorphAndInterface", "PolymorphAndInterface.csproj", "{8DE6F0B6-371F-79CB-51D7-D2C892C61D4A}"
EndProject
Global
	GlobalSection(SolutionConfigurationPlatforms) = preSolution
		Debug|Any CPU = Debug|Any CPU
		Release|Any CPU = Release|Any CPU
	EndGlobalSection
	GlobalSection(ProjectConfigurationPlatforms) = postSolution
		{8DE6F0B6-371F-79CB-51D7-D2C892C61D4A}.Debug|Any CPU.ActiveCfg = Debug|Any CPU
		{8DE6F0B6-371F-79CB-51D7-D2C892C61D4A}.Debug|Any CPU.Build.0 = Debug|Any CPU
		{8DE6F0B6-371F-79CB-51D7-D2C892C61D4A}.Release|Any CPU.ActiveCfg = Release|Any CPU
		{8DE6F0B6-371F-79CB-51D7-D2C892C61D4A}.Release|Any CPU.Build.0 = Release|Any CPU
	EndGlobalSection
	GlobalSection(SolutionProperties) = preSolution
		HideSolutionNode = FALSE
	EndGlobalSection
	GlobalSection(ExtensibilityGlobals) = postSolution
		SolutionGuid = {A3FCD30B-6EA4-4F84-8796-E7D59511D2B8}
	EndGlobalSection
EndGlobal
